
Microsoft Visual Studio Solution File, Format Version 12.00
# Visual Studio 2017
Project("{FAE04EC0-301F-11D3-BF4B-00C04F79EFBC}") = "Pick-Up.Plugins", "Pick-Up.Plugins.csproj", "{5125F411-FF02-5365-E219-4918947A15D7}"
EndProject
Project("{FAE04EC0-301F-11D3-BF4B-00C04F79EFBC}") = "Pick-Up", "Pick-Up.csproj", "{D564C5E6-F38C-5538-F3C0-8E0DB24A04EE}"
EndProject
Project("{FAE04EC0-301F-11D3-BF4B-00C04F79EFBC}") = "Pick-Up.Editor.Plugins", "Pick-Up.Editor.Plugins.csproj", "{0C39CDBF-4F7E-4C7A-0D5C-04B3B6AD8E14}"
EndProject
Global
	GlobalSection(SolutionConfigurationPlatforms) = preSolution
		Debug|Any CPU = Debug|Any CPU
		Release|Any CPU = Release|Any CPU
	EndGlobalSection
	GlobalSection(ProjectConfigurationPlatforms) = postSolution
		{5125F411-FF02-5365-E219-4918947A15D7}.Debug|Any CPU.ActiveCfg = Debug|Any CPU
		{5125F411-FF02-5365-E219-4918947A15D7}.Debug|Any CPU.Build.0 = Debug|Any CPU
		{5125F411-FF02-5365-E219-4918947A15D7}.Release|Any CPU.ActiveCfg = Release|Any CPU
		{5125F411-FF02-5365-E219-4918947A15D7}.Release|Any CPU.Build.0 = Release|Any CPU
		{D564C5E6-F38C-5538-F3C0-8E0DB24A04EE}.Debug|Any CPU.ActiveCfg = Debug|Any CPU
		{D564C5E6-F38C-5538-F3C0-8E0DB24A04EE}.Debug|Any CPU.Build.0 = Debug|Any CPU
		{D564C5E6-F38C-5538-F3C0-8E0DB24A04EE}.Release|Any CPU.ActiveCfg = Release|Any CPU
		{D564C5E6-F38C-5538-F3C0-8E0DB24A04EE}.Release|Any CPU.Build.0 = Release|Any CPU
		{0C39CDBF-4F7E-4C7A-0D5C-04B3B6AD8E14}.Debug|Any CPU.ActiveCfg = Debug|Any CPU
		{0C39CDBF-4F7E-4C7A-0D5C-04B3B6AD8E14}.Debug|Any CPU.Build.0 = Debug|Any CPU
		{0C39CDBF-4F7E-4C7A-0D5C-04B3B6AD8E14}.Release|Any CPU.ActiveCfg = Release|Any CPU
		{0C39CDBF-4F7E-4C7A-0D5C-04B3B6AD8E14}.Release|Any CPU.Build.0 = Release|Any CPU
	EndGlobalSection
	GlobalSection(SolutionProperties) = preSolution
		HideSolutionNode = FALSE
	EndGlobalSection
EndGlobal
